
Microsoft Visual Studio Solution File, Format Version 12.00
# Visual Studio Version 16
VisualStudioVersion = 16.0.29609.76
MinimumVisualStudioVersion = 10.0.40219.1
Project("{FAE04EC0-301F-11D3-BF4B-00C04F79EFBC}") = "OrderPrint", "OrderPrint\OrderPrint.csproj", "{D862E405-732A-4969-BE5B-9040B60A12BC}"
EndProject
Project("{9A19103F-16F7-4668-BE54-9A1E7A4F7556}") = "CommonUtils", "..\..\..\CommonRepository\MyCommonLibrary001\CommonUtils\CommonUtils\CommonUtils.csproj", "{30024F41-5B35-4761-B46D-2853285B50EE}"
EndProject
Global
	GlobalSection(SolutionConfigurationPlatforms) = preSolution
		Debug|Any CPU = Debug|Any CPU
		Debug|x86 = Debug|x86
		Release|Any CPU = Release|Any CPU
		Release|x86 = Release|x86
	EndGlobalSection
	GlobalSection(ProjectConfigurationPlatforms) = postSolution
		{D862E405-732A-4969-BE5B-9040B60A12BC}.Debug|Any CPU.ActiveCfg = Debug|Any CPU
		{D862E405-732A-4969-BE5B-9040B60A12BC}.Debug|Any CPU.Build.0 = Debug|Any CPU
		{D862E405-732A-4969-BE5B-9040B60A12BC}.Debug|x86.ActiveCfg = Debug|x86
		{D862E405-732A-4969-BE5B-9040B60A12BC}.Debug|x86.Build.0 = Debug|x86
		{D862E405-732A-4969-BE5B-9040B60A12BC}.Release|Any CPU.ActiveCfg = Release|Any CPU
		{D862E405-732A-4969-BE5B-9040B60A12BC}.Release|Any CPU.Build.0 = Release|Any CPU
		{D862E405-732A-4969-BE5B-9040B60A12BC}.Release|x86.ActiveCfg = Release|x86
		{D862E405-732A-4969-BE5B-9040B60A12BC}.Release|x86.Build.0 = Release|x86
		{30024F41-5B35-4761-B46D-2853285B50EE}.Debug|Any CPU.ActiveCfg = Debug|Any CPU
		{30024F41-5B35-4761-B46D-2853285B50EE}.Debug|Any CPU.Build.0 = Debug|Any CPU
		{30024F41-5B35-4761-B46D-2853285B50EE}.Debug|x86.ActiveCfg = Debug|Any CPU
		{30024F41-5B35-4761-B46D-2853285B50EE}.Debug|x86.Build.0 = Debug|Any CPU
		{30024F41-5B35-4761-B46D-2853285B50EE}.Release|Any CPU.ActiveCfg = Release|Any CPU
		{30024F41-5B35-4761-B46D-2853285B50EE}.Release|Any CPU.Build.0 = Release|Any CPU
		{30024F41-5B35-4761-B46D-2853285B50EE}.Release|x86.ActiveCfg = Release|Any CPU
		{30024F41-5B35-4761-B46D-2853285B50EE}.Release|x86.Build.0 = Release|Any CPU
	EndGlobalSection
	GlobalSection(SolutionProperties) = preSolution
		HideSolutionNode = FALSE
	EndGlobalSection
	GlobalSection(ExtensibilityGlobals) = postSolution
		SolutionGuid = {60670194-D40A-4E44-A578-D811BC7A87C8}
	EndGlobalSection
EndGlobal
